// !$*UTF8*$!
{
	archiveVersion = 1;
	classes = {
	};
	objectVersion = 56;
	objects = {

/* Begin PBXBuildFile section */
		270374D82A00B88700F27641 /* Tweet.swift in Sources */ = {isa = PBXBuildFile; fileRef = 270374D72A00B88700F27641 /* Tweet.swift */; };
		270374DA2A00BB0700F27641 /* TweetRowView.swift in Sources */ = {isa = PBXBuildFile; fileRef = 270374D92A00BB0700F27641 /* TweetRowView.swift */; };
		270374DC2A00C20B00F27641 /* PersonManager.swift in Sources */ = {isa = PBXBuildFile; fileRef = 270374DB2A00C20B00F27641 /* PersonManager.swift */; };
		270374DF2A00C5E200F27641 /* Kingfisher in Frameworks */ = {isa = PBXBuildFile; productRef = 270374DE2A00C5E200F27641 /* Kingfisher */; };
		270374E32A00FBCC00F27641 /* ProfileViewModel.swift in Sources */ = {isa = PBXBuildFile; fileRef = 270374E22A00FBCC00F27641 /* ProfileViewModel.swift */; };
		270374E52A00FC1300F27641 /* TweetFilterViewModel.swift in Sources */ = {isa = PBXBuildFile; fileRef = 270374E42A00FC1200F27641 /* TweetFilterViewModel.swift */; };
		273548002A01F7700087B3E3 /* MAuthCoordinator.swift in Sources */ = {isa = PBXBuildFile; fileRef = 273547FF2A01F7700087B3E3 /* MAuthCoordinator.swift */; };
		273548022A01FA3F0087B3E3 /* MLoginViewController.swift in Sources */ = {isa = PBXBuildFile; fileRef = 273548012A01FA3F0087B3E3 /* MLoginViewController.swift */; };
		273548042A020A770087B3E3 /* UIFont+Extension.swift in Sources */ = {isa = PBXBuildFile; fileRef = 273548032A020A770087B3E3 /* UIFont+Extension.swift */; };
		273548062A020B0D0087B3E3 /* BaseView.swift in Sources */ = {isa = PBXBuildFile; fileRef = 273548052A020B0D0087B3E3 /* BaseView.swift */; };
		273548082A020BF30087B3E3 /* MAuthTextField.swift in Sources */ = {isa = PBXBuildFile; fileRef = 273548072A020BF30087B3E3 /* MAuthTextField.swift */; };
		2745BC882A03A7470043D22A /* MSettingsCoordinator.swift in Sources */ = {isa = PBXBuildFile; fileRef = 2745BC872A03A7470043D22A /* MSettingsCoordinator.swift */; };
		2745BC8B2A03A76E0043D22A /* MSettingsViewController.swift in Sources */ = {isa = PBXBuildFile; fileRef = 2745BC8A2A03A76E0043D22A /* MSettingsViewController.swift */; };
		2757718D29FFADD1007EBE57 /* ProfilePhotoSelectorView.swift in Sources */ = {isa = PBXBuildFile; fileRef = 2757718C29FFADD1007EBE57 /* ProfilePhotoSelectorView.swift */; };
		2757719029FFAE54007EBE57 /* ProfilePhotoSelectorViewController.swift in Sources */ = {isa = PBXBuildFile; fileRef = 2757718F29FFAE54007EBE57 /* ProfilePhotoSelectorViewController.swift */; };
		2757719229FFB3D3007EBE57 /* ProfilePhotoSelectorViewModel.swift in Sources */ = {isa = PBXBuildFile; fileRef = 2757719129FFB3D3007EBE57 /* ProfilePhotoSelectorViewModel.swift */; };
		2757719429FFBB8C007EBE57 /* ProfilePhotoSelectorStore.swift in Sources */ = {isa = PBXBuildFile; fileRef = 2757719329FFBB8C007EBE57 /* ProfilePhotoSelectorStore.swift */; };
		27769F5C2A002C1200EC4AF8 /* FeedViewController.swift in Sources */ = {isa = PBXBuildFile; fileRef = 27769F5B2A002C1200EC4AF8 /* FeedViewController.swift */; };
		27769F5E2A002C3200EC4AF8 /* FeedCoordinator.swift in Sources */ = {isa = PBXBuildFile; fileRef = 27769F5D2A002C3200EC4AF8 /* FeedCoordinator.swift */; };
		27769F602A002D8800EC4AF8 /* ExploreCoordinator.swift in Sources */ = {isa = PBXBuildFile; fileRef = 27769F5F2A002D8800EC4AF8 /* ExploreCoordinator.swift */; };
		27769F622A002D9200EC4AF8 /* ExploreViewController.swift in Sources */ = {isa = PBXBuildFile; fileRef = 27769F612A002D9200EC4AF8 /* ExploreViewController.swift */; };
		27769F642A002DA000EC4AF8 /* MessagesViewController.swift in Sources */ = {isa = PBXBuildFile; fileRef = 27769F632A002DA000EC4AF8 /* MessagesViewController.swift */; };
		27769F662A002DAB00EC4AF8 /* MessagesCoordinator.swift in Sources */ = {isa = PBXBuildFile; fileRef = 27769F652A002DAB00EC4AF8 /* MessagesCoordinator.swift */; };
		27769F682A002DB800EC4AF8 /* NotificationsViewController.swift in Sources */ = {isa = PBXBuildFile; fileRef = 27769F672A002DB800EC4AF8 /* NotificationsViewController.swift */; };
		27769F6A2A002DC500EC4AF8 /* NotificationsCoordinator.swift in Sources */ = {isa = PBXBuildFile; fileRef = 27769F692A002DC500EC4AF8 /* NotificationsCoordinator.swift */; };
		27769F6C2A008C6600EC4AF8 /* ExploreStore.swift in Sources */ = {isa = PBXBuildFile; fileRef = 27769F6B2A008C6600EC4AF8 /* ExploreStore.swift */; };
		27769F6E2A00947200EC4AF8 /* PersonRowView.swift in Sources */ = {isa = PBXBuildFile; fileRef = 27769F6D2A00947200EC4AF8 /* PersonRowView.swift */; };
		27769F702A009D9A00EC4AF8 /* FeedStore.swift in Sources */ = {isa = PBXBuildFile; fileRef = 27769F6F2A009D9A00EC4AF8 /* FeedStore.swift */; };
		27769F732A009F2E00EC4AF8 /* AddTweetViewController.swift in Sources */ = {isa = PBXBuildFile; fileRef = 27769F722A009F2D00EC4AF8 /* AddTweetViewController.swift */; };
		27B6E8512A00AF0100A46F8E /* AddTweetStore.swift in Sources */ = {isa = PBXBuildFile; fileRef = 27B6E8502A00AF0100A46F8E /* AddTweetStore.swift */; };
		27B843FA2A046F2300300B88 /* MProfileStore.swift in Sources */ = {isa = PBXBuildFile; fileRef = 27B843F92A046F2300300B88 /* MProfileStore.swift */; };
		27B843FD2A049AB100300B88 /* FileStorage.swift in Sources */ = {isa = PBXBuildFile; fileRef = 27B843FC2A049AB100300B88 /* FileStorage.swift */; };
		27BF4FC82A03B8D000237627 /* MSettignsProfileCell.swift in Sources */ = {isa = PBXBuildFile; fileRef = 27BF4FC72A03B8D000237627 /* MSettignsProfileCell.swift */; };
		27BF4FCA2A03B91400237627 /* BaseTableViewCell.swift in Sources */ = {isa = PBXBuildFile; fileRef = 27BF4FC92A03B91400237627 /* BaseTableViewCell.swift */; };
		27BF4FCF2A03E18D00237627 /* MProfileViewController.swift in Sources */ = {isa = PBXBuildFile; fileRef = 27BF4FCE2A03E18D00237627 /* MProfileViewController.swift */; };
		27BF4FD22A03E61D00237627 /* MEditProfileCell.swift in Sources */ = {isa = PBXBuildFile; fileRef = 27BF4FD12A03E61D00237627 /* MEditProfileCell.swift */; };
		27BF4FD42A03E93E00237627 /* MEditUsernameCell.swift in Sources */ = {isa = PBXBuildFile; fileRef = 27BF4FD32A03E93E00237627 /* MEditUsernameCell.swift */; };
		27BF4FD82A03FA8B00237627 /* MStatusViewController.swift in Sources */ = {isa = PBXBuildFile; fileRef = 27BF4FD72A03FA8B00237627 /* MStatusViewController.swift */; };
		27BF4FDB2A03FB7100237627 /* Status.swift in Sources */ = {isa = PBXBuildFile; fileRef = 27BF4FDA2A03FB7100237627 /* Status.swift */; };
		27C19E2029FF18B700DD19A5 /* AuthHeaderView.swift in Sources */ = {isa = PBXBuildFile; fileRef = 27C19E1F29FF18B700DD19A5 /* AuthHeaderView.swift */; };
		27C19E2229FF18EF00DD19A5 /* RoundedShape.swift in Sources */ = {isa = PBXBuildFile; fileRef = 27C19E2129FF18EF00DD19A5 /* RoundedShape.swift */; };
		27C19E2429FF199B00DD19A5 /* PrimaryButtonView.swift in Sources */ = {isa = PBXBuildFile; fileRef = 27C19E2329FF199B00DD19A5 /* PrimaryButtonView.swift */; };
		27C19E2629FF1B4000DD19A5 /* SignUpViewController.swift in Sources */ = {isa = PBXBuildFile; fileRef = 27C19E2529FF1B4000DD19A5 /* SignUpViewController.swift */; };
		27C19E2929FF1BCD00DD19A5 /* SignUpViewModel.swift in Sources */ = {isa = PBXBuildFile; fileRef = 27C19E2829FF1BCD00DD19A5 /* SignUpViewModel.swift */; };
		27C19E2B29FF1BD900DD19A5 /* SignUpView.swift in Sources */ = {isa = PBXBuildFile; fileRef = 27C19E2A29FF1BD900DD19A5 /* SignUpView.swift */; };
		27C19E2D29FF23C900DD19A5 /* SignUpStore.swift in Sources */ = {isa = PBXBuildFile; fileRef = 27C19E2C29FF23C900DD19A5 /* SignUpStore.swift */; };
		27C19E3029FF372100DD19A5 /* TabBarCoordinator.swift in Sources */ = {isa = PBXBuildFile; fileRef = 27C19E2F29FF372100DD19A5 /* TabBarCoordinator.swift */; };
		27C19E3229FF3CA200DD19A5 /* TabItem.swift in Sources */ = {isa = PBXBuildFile; fileRef = 27C19E3129FF3CA200DD19A5 /* TabItem.swift */; };
		27C19E3429FF580100DD19A5 /* TabBarController.swift in Sources */ = {isa = PBXBuildFile; fileRef = 27C19E3329FF580100DD19A5 /* TabBarController.swift */; };
		27C19E3B29FF5B0600DD19A5 /* ProfileViewController.swift in Sources */ = {isa = PBXBuildFile; fileRef = 27C19E3A29FF5B0600DD19A5 /* ProfileViewController.swift */; };
		27C19E3D29FF5B3500DD19A5 /* ProfileView.swift in Sources */ = {isa = PBXBuildFile; fileRef = 27C19E3C29FF5B3500DD19A5 /* ProfileView.swift */; };
		27C19E4029FF646C00DD19A5 /* SignInStore.swift in Sources */ = {isa = PBXBuildFile; fileRef = 27C19E3F29FF646C00DD19A5 /* SignInStore.swift */; };
		27C19E4229FF770300DD19A5 /* ContainerViewController.swift in Sources */ = {isa = PBXBuildFile; fileRef = 27C19E4129FF770300DD19A5 /* ContainerViewController.swift */; };
		27C19E4529FF810C00DD19A5 /* MenuViewController.swift in Sources */ = {isa = PBXBuildFile; fileRef = 27C19E4429FF810C00DD19A5 /* MenuViewController.swift */; };
		27C19E4729FF918500DD19A5 /* SideMenuView.swift in Sources */ = {isa = PBXBuildFile; fileRef = 27C19E4629FF918500DD19A5 /* SideMenuView.swift */; };
		27C19E4929FF921F00DD19A5 /* SideMenuViewModel.swift in Sources */ = {isa = PBXBuildFile; fileRef = 27C19E4829FF921E00DD19A5 /* SideMenuViewModel.swift */; };
		27C19E4B29FF923F00DD19A5 /* UserStatsView.swift in Sources */ = {isa = PBXBuildFile; fileRef = 27C19E4A29FF923F00DD19A5 /* UserStatsView.swift */; };
		27C19E4D29FF929900DD19A5 /* SideMenuRowView.swift in Sources */ = {isa = PBXBuildFile; fileRef = 27C19E4C29FF929900DD19A5 /* SideMenuRowView.swift */; };
		27C19E5029FF930C00DD19A5 /* Person.swift in Sources */ = {isa = PBXBuildFile; fileRef = 27C19E4F29FF930C00DD19A5 /* Person.swift */; };
		27C5975F2A0267030043543F /* ProgressHUD.swift in Sources */ = {isa = PBXBuildFile; fileRef = 27C5975E2A0267030043543F /* ProgressHUD.swift */; };
		27C597612A02C3B70043543F /* MLoginStore.swift in Sources */ = {isa = PBXBuildFile; fileRef = 27C597602A02C3B70043543F /* MLoginStore.swift */; };
		27D915D929FEB4820027C3BF /* AppDelegate.swift in Sources */ = {isa = PBXBuildFile; fileRef = 27D915D829FEB4820027C3BF /* AppDelegate.swift */; };
		27D915DB29FEB4820027C3BF /* SceneDelegate.swift in Sources */ = {isa = PBXBuildFile; fileRef = 27D915DA29FEB4820027C3BF /* SceneDelegate.swift */; };
		27D915E229FEB4820027C3BF /* Assets.xcassets in Resources */ = {isa = PBXBuildFile; fileRef = 27D915E129FEB4820027C3BF /* Assets.xcassets */; };
		27D915E529FEB4830027C3BF /* LaunchScreen.storyboard in Resources */ = {isa = PBXBuildFile; fileRef = 27D915E329FEB4830027C3BF /* LaunchScreen.storyboard */; };
		27D915ED29FEB4B90027C3BF /* GoogleService-Info.plist in Resources */ = {isa = PBXBuildFile; fileRef = 27D915EC29FEB4B90027C3BF /* GoogleService-Info.plist */; };
		27D915F029FEB5030027C3BF /* FirebaseAuth in Frameworks */ = {isa = PBXBuildFile; productRef = 27D915EF29FEB5030027C3BF /* FirebaseAuth */; };
		27D915F229FEB5030027C3BF /* FirebaseFirestore in Frameworks */ = {isa = PBXBuildFile; productRef = 27D915F129FEB5030027C3BF /* FirebaseFirestore */; };
		27D915F429FEB5030027C3BF /* FirebaseFirestoreSwift in Frameworks */ = {isa = PBXBuildFile; productRef = 27D915F329FEB5030027C3BF /* FirebaseFirestoreSwift */; };
		27D915F629FEB5030027C3BF /* FirebaseStorage in Frameworks */ = {isa = PBXBuildFile; productRef = 27D915F529FEB5030027C3BF /* FirebaseStorage */; };
		27D915FD29FEBAC90027C3BF /* BaseViewController.swift in Sources */ = {isa = PBXBuildFile; fileRef = 27D915FC29FEBAC90027C3BF /* BaseViewController.swift */; };
		27D915FF29FEBB200027C3BF /* Store.swift in Sources */ = {isa = PBXBuildFile; fileRef = 27D915FE29FEBB200027C3BF /* Store.swift */; };
		27D9160229FEBB7C0027C3BF /* SnapKit in Frameworks */ = {isa = PBXBuildFile; productRef = 27D9160129FEBB7C0027C3BF /* SnapKit */; };
		27D9160429FEBD1A0027C3BF /* Router.swift in Sources */ = {isa = PBXBuildFile; fileRef = 27D9160329FEBD1A0027C3BF /* Router.swift */; };
		27D9160629FEBD5F0027C3BF /* InlineConfigurable.swift in Sources */ = {isa = PBXBuildFile; fileRef = 27D9160529FEBD5F0027C3BF /* InlineConfigurable.swift */; };
		27D9160829FEBD8A0027C3BF /* BaseCoordinator.swift in Sources */ = {isa = PBXBuildFile; fileRef = 27D9160729FEBD8A0027C3BF /* BaseCoordinator.swift */; };
		27D9160A29FEBE1E0027C3BF /* AppCoordinator.swift in Sources */ = {isa = PBXBuildFile; fileRef = 27D9160929FEBE1E0027C3BF /* AppCoordinator.swift */; };
		27D9160E29FEC0070027C3BF /* AuthCoordinator.swift in Sources */ = {isa = PBXBuildFile; fileRef = 27D9160D29FEC0070027C3BF /* AuthCoordinator.swift */; };
		27D9161029FEC11E0027C3BF /* SignInViewController.swift in Sources */ = {isa = PBXBuildFile; fileRef = 27D9160F29FEC11E0027C3BF /* SignInViewController.swift */; };
		27D9161329FEC1940027C3BF /* View+Extension.swift in Sources */ = {isa = PBXBuildFile; fileRef = 27D9161229FEC1940027C3BF /* View+Extension.swift */; };
		27D9161529FEC1EA0027C3BF /* RestrictedUIHostingController.swift in Sources */ = {isa = PBXBuildFile; fileRef = 27D9161429FEC1EA0027C3BF /* RestrictedUIHostingController.swift */; };
		27D9161829FEC24E0027C3BF /* UIViewController+Extension.swift in Sources */ = {isa = PBXBuildFile; fileRef = 27D9161729FEC24E0027C3BF /* UIViewController+Extension.swift */; };
		27D9161A29FEC29C0027C3BF /* UIView+Extension.swift in Sources */ = {isa = PBXBuildFile; fileRef = 27D9161929FEC29C0027C3BF /* UIView+Extension.swift */; };
		27D9161D29FEC4850027C3BF /* CustomInputField.swift in Sources */ = {isa = PBXBuildFile; fileRef = 27D9161C29FEC4850027C3BF /* CustomInputField.swift */; };
		27D9161F29FEC4CB0027C3BF /* SignInView.swift in Sources */ = {isa = PBXBuildFile; fileRef = 27D9161E29FEC4CB0027C3BF /* SignInView.swift */; };
		27D9162129FEC5070027C3BF /* SingInViewModel.swift in Sources */ = {isa = PBXBuildFile; fileRef = 27D9162029FEC5070027C3BF /* SingInViewModel.swift */; };
/* End PBXBuildFile section */

/* Begin PBXFileReference section */
		270374D72A00B88700F27641 /* Tweet.swift */ = {isa = PBXFileReference; lastKnownFileType = sourcecode.swift; path = Tweet.swift; sourceTree = "<group>"; };
		270374D92A00BB0700F27641 /* TweetRowView.swift */ = {isa = PBXFileReference; lastKnownFileType = sourcecode.swift; path = TweetRowView.swift; sourceTree = "<group>"; };
		270374DB2A00C20B00F27641 /* PersonManager.swift */ = {isa = PBXFileReference; lastKnownFileType = sourcecode.swift; path = PersonManager.swift; sourceTree = "<group>"; };
		270374E22A00FBCC00F27641 /* ProfileViewModel.swift */ = {isa = PBXFileReference; lastKnownFileType = sourcecode.swift; path = ProfileViewModel.swift; sourceTree = "<group>"; };
		270374E42A00FC1200F27641 /* TweetFilterViewModel.swift */ = {isa = PBXFileReference; lastKnownFileType = sourcecode.swift; path = TweetFilterViewModel.swift; sourceTree = "<group>"; };
		273547FF2A01F7700087B3E3 /* MAuthCoordinator.swift */ = {isa = PBXFileReference; lastKnownFileType = sourcecode.swift; path = MAuthCoordinator.swift; sourceTree = "<group>"; };
		273548012A01FA3F0087B3E3 /* MLoginViewController.swift */ = {isa = PBXFileReference; lastKnownFileType = sourcecode.swift; path = MLoginViewController.swift; sourceTree = "<group>"; };
		273548032A020A770087B3E3 /* UIFont+Extension.swift */ = {isa = PBXFileReference; lastKnownFileType = sourcecode.swift; path = "UIFont+Extension.swift"; sourceTree = "<group>"; };
		273548052A020B0D0087B3E3 /* BaseView.swift */ = {isa = PBXFileReference; lastKnownFileType = sourcecode.swift; path = BaseView.swift; sourceTree = "<group>"; };
		273548072A020BF30087B3E3 /* MAuthTextField.swift */ = {isa = PBXFileReference; lastKnownFileType = sourcecode.swift; path = MAuthTextField.swift; sourceTree = "<group>"; };
		2745BC872A03A7470043D22A /* MSettingsCoordinator.swift */ = {isa = PBXFileReference; lastKnownFileType = sourcecode.swift; path = MSettingsCoordinator.swift; sourceTree = "<group>"; };
		2745BC8A2A03A76E0043D22A /* MSettingsViewController.swift */ = {isa = PBXFileReference; lastKnownFileType = sourcecode.swift; path = MSettingsViewController.swift; sourceTree = "<group>"; };
		2757718C29FFADD1007EBE57 /* ProfilePhotoSelectorView.swift */ = {isa = PBXFileReference; lastKnownFileType = sourcecode.swift; path = ProfilePhotoSelectorView.swift; sourceTree = "<group>"; };
		2757718F29FFAE54007EBE57 /* ProfilePhotoSelectorViewController.swift */ = {isa = PBXFileReference; lastKnownFileType = sourcecode.swift; path = ProfilePhotoSelectorViewController.swift; sourceTree = "<group>"; };
		2757719129FFB3D3007EBE57 /* ProfilePhotoSelectorViewModel.swift */ = {isa = PBXFileReference; lastKnownFileType = sourcecode.swift; path = ProfilePhotoSelectorViewModel.swift; sourceTree = "<group>"; };
		2757719329FFBB8C007EBE57 /* ProfilePhotoSelectorStore.swift */ = {isa = PBXFileReference; lastKnownFileType = sourcecode.swift; path = ProfilePhotoSelectorStore.swift; sourceTree = "<group>"; };
		27769F562A001D8400EC4AF8 /* README.md */ = {isa = PBXFileReference; lastKnownFileType = net.daringfireball.markdown; path = README.md; sourceTree = "<group>"; };
		27769F5B2A002C1200EC4AF8 /* FeedViewController.swift */ = {isa = PBXFileReference; lastKnownFileType = sourcecode.swift; path = FeedViewController.swift; sourceTree = "<group>"; };
		27769F5D2A002C3200EC4AF8 /* FeedCoordinator.swift */ = {isa = PBXFileReference; lastKnownFileType = sourcecode.swift; path = FeedCoordinator.swift; sourceTree = "<group>"; };
		27769F5F2A002D8800EC4AF8 /* ExploreCoordinator.swift */ = {isa = PBXFileReference; lastKnownFileType = sourcecode.swift; path = ExploreCoordinator.swift; sourceTree = "<group>"; };
		27769F612A002D9200EC4AF8 /* ExploreViewController.swift */ = {isa = PBXFileReference; lastKnownFileType = sourcecode.swift; path = ExploreViewController.swift; sourceTree = "<group>"; };
		27769F632A002DA000EC4AF8 /* MessagesViewController.swift */ = {isa = PBXFileReference; lastKnownFileType = sourcecode.swift; path = MessagesViewController.swift; sourceTree = "<group>"; };
		27769F652A002DAB00EC4AF8 /* MessagesCoordinator.swift */ = {isa = PBXFileReference; lastKnownFileType = sourcecode.swift; path = MessagesCoordinator.swift; sourceTree = "<group>"; };
		27769F672A002DB800EC4AF8 /* NotificationsViewController.swift */ = {isa = PBXFileReference; lastKnownFileType = sourcecode.swift; path = NotificationsViewController.swift; sourceTree = "<group>"; };
		27769F692A002DC500EC4AF8 /* NotificationsCoordinator.swift */ = {isa = PBXFileReference; lastKnownFileType = sourcecode.swift; path = NotificationsCoordinator.swift; sourceTree = "<group>"; };
		27769F6B2A008C6600EC4AF8 /* ExploreStore.swift */ = {isa = PBXFileReference; lastKnownFileType = sourcecode.swift; path = ExploreStore.swift; sourceTree = "<group>"; };
		27769F6D2A00947200EC4AF8 /* PersonRowView.swift */ = {isa = PBXFileReference; lastKnownFileType = sourcecode.swift; path = PersonRowView.swift; sourceTree = "<group>"; };
		27769F6F2A009D9A00EC4AF8 /* FeedStore.swift */ = {isa = PBXFileReference; lastKnownFileType = sourcecode.swift; path = FeedStore.swift; sourceTree = "<group>"; };
		27769F722A009F2D00EC4AF8 /* AddTweetViewController.swift */ = {isa = PBXFileReference; lastKnownFileType = sourcecode.swift; path = AddTweetViewController.swift; sourceTree = "<group>"; };
		27B6E8502A00AF0100A46F8E /* AddTweetStore.swift */ = {isa = PBXFileReference; lastKnownFileType = sourcecode.swift; path = AddTweetStore.swift; sourceTree = "<group>"; };
		27B843F92A046F2300300B88 /* MProfileStore.swift */ = {isa = PBXFileReference; lastKnownFileType = sourcecode.swift; path = MProfileStore.swift; sourceTree = "<group>"; };
		27B843FC2A049AB100300B88 /* FileStorage.swift */ = {isa = PBXFileReference; lastKnownFileType = sourcecode.swift; path = FileStorage.swift; sourceTree = "<group>"; };
		27BF4FC72A03B8D000237627 /* MSettignsProfileCell.swift */ = {isa = PBXFileReference; lastKnownFileType = sourcecode.swift; path = MSettignsProfileCell.swift; sourceTree = "<group>"; };
		27BF4FC92A03B91400237627 /* BaseTableViewCell.swift */ = {isa = PBXFileReference; lastKnownFileType = sourcecode.swift; path = BaseTableViewCell.swift; sourceTree = "<group>"; };
		27BF4FCE2A03E18D00237627 /* MProfileViewController.swift */ = {isa = PBXFileReference; lastKnownFileType = sourcecode.swift; path = MProfileViewController.swift; sourceTree = "<group>"; };
		27BF4FD12A03E61D00237627 /* MEditProfileCell.swift */ = {isa = PBXFileReference; lastKnownFileType = sourcecode.swift; path = MEditProfileCell.swift; sourceTree = "<group>"; };
		27BF4FD32A03E93E00237627 /* MEditUsernameCell.swift */ = {isa = PBXFileReference; lastKnownFileType = sourcecode.swift; path = MEditUsernameCell.swift; sourceTree = "<group>"; };
		27BF4FD72A03FA8B00237627 /* MStatusViewController.swift */ = {isa = PBXFileReference; lastKnownFileType = sourcecode.swift; path = MStatusViewController.swift; sourceTree = "<group>"; };
		27BF4FDA2A03FB7100237627 /* Status.swift */ = {isa = PBXFileReference; lastKnownFileType = sourcecode.swift; path = Status.swift; sourceTree = "<group>"; };
		27C19E1F29FF18B700DD19A5 /* AuthHeaderView.swift */ = {isa = PBXFileReference; lastKnownFileType = sourcecode.swift; path = AuthHeaderView.swift; sourceTree = "<group>"; };
		27C19E2129FF18EF00DD19A5 /* RoundedShape.swift */ = {isa = PBXFileReference; lastKnownFileType = sourcecode.swift; path = RoundedShape.swift; sourceTree = "<group>"; };
		27C19E2329FF199B00DD19A5 /* PrimaryButtonView.swift */ = {isa = PBXFileReference; lastKnownFileType = sourcecode.swift; path = PrimaryButtonView.swift; sourceTree = "<group>"; };
		27C19E2529FF1B4000DD19A5 /* SignUpViewController.swift */ = {isa = PBXFileReference; lastKnownFileType = sourcecode.swift; path = SignUpViewController.swift; sourceTree = "<group>"; };
		27C19E2829FF1BCD00DD19A5 /* SignUpViewModel.swift */ = {isa = PBXFileReference; lastKnownFileType = sourcecode.swift; path = SignUpViewModel.swift; sourceTree = "<group>"; };
		27C19E2A29FF1BD900DD19A5 /* SignUpView.swift */ = {isa = PBXFileReference; lastKnownFileType = sourcecode.swift; path = SignUpView.swift; sourceTree = "<group>"; };
		27C19E2C29FF23C900DD19A5 /* SignUpStore.swift */ = {isa = PBXFileReference; lastKnownFileType = sourcecode.swift; path = SignUpStore.swift; sourceTree = "<group>"; };
		27C19E2F29FF372100DD19A5 /* TabBarCoordinator.swift */ = {isa = PBXFileReference; lastKnownFileType = sourcecode.swift; path = TabBarCoordinator.swift; sourceTree = "<group>"; };
		27C19E3129FF3CA200DD19A5 /* TabItem.swift */ = {isa = PBXFileReference; lastKnownFileType = sourcecode.swift; path = TabItem.swift; sourceTree = "<group>"; };
		27C19E3329FF580100DD19A5 /* TabBarController.swift */ = {isa = PBXFileReference; lastKnownFileType = sourcecode.swift; path = TabBarController.swift; sourceTree = "<group>"; };
		27C19E3A29FF5B0600DD19A5 /* ProfileViewController.swift */ = {isa = PBXFileReference; lastKnownFileType = sourcecode.swift; path = ProfileViewController.swift; sourceTree = "<group>"; };
		27C19E3C29FF5B3500DD19A5 /* ProfileView.swift */ = {isa = PBXFileReference; lastKnownFileType = sourcecode.swift; path = ProfileView.swift; sourceTree = "<group>"; };
		27C19E3F29FF646C00DD19A5 /* SignInStore.swift */ = {isa = PBXFileReference; lastKnownFileType = sourcecode.swift; path = SignInStore.swift; sourceTree = "<group>"; };
		27C19E4129FF770300DD19A5 /* ContainerViewController.swift */ = {isa = PBXFileReference; lastKnownFileType = sourcecode.swift; path = ContainerViewController.swift; sourceTree = "<group>"; };
		27C19E4429FF810C00DD19A5 /* MenuViewController.swift */ = {isa = PBXFileReference; lastKnownFileType = sourcecode.swift; path = MenuViewController.swift; sourceTree = "<group>"; };
		27C19E4629FF918500DD19A5 /* SideMenuView.swift */ = {isa = PBXFileReference; lastKnownFileType = sourcecode.swift; path = SideMenuView.swift; sourceTree = "<group>"; };
		27C19E4829FF921E00DD19A5 /* SideMenuViewModel.swift */ = {isa = PBXFileReference; lastKnownFileType = sourcecode.swift; path = SideMenuViewModel.swift; sourceTree = "<group>"; };
		27C19E4A29FF923F00DD19A5 /* UserStatsView.swift */ = {isa = PBXFileReference; lastKnownFileType = sourcecode.swift; path = UserStatsView.swift; sourceTree = "<group>"; };
		27C19E4C29FF929900DD19A5 /* SideMenuRowView.swift */ = {isa = PBXFileReference; lastKnownFileType = sourcecode.swift; path = SideMenuRowView.swift; sourceTree = "<group>"; };
		27C19E4F29FF930C00DD19A5 /* Person.swift */ = {isa = PBXFileReference; lastKnownFileType = sourcecode.swift; path = Person.swift; sourceTree = "<group>"; };
		27C5975E2A0267030043543F /* ProgressHUD.swift */ = {isa = PBXFileReference; lastKnownFileType = sourcecode.swift; path = ProgressHUD.swift; sourceTree = "<group>"; };
		27C597602A02C3B70043543F /* MLoginStore.swift */ = {isa = PBXFileReference; lastKnownFileType = sourcecode.swift; path = MLoginStore.swift; sourceTree = "<group>"; };
		27D915D529FEB4820027C3BF /* Twitter.app */ = {isa = PBXFileReference; explicitFileType = wrapper.application; includeInIndex = 0; path = Twitter.app; sourceTree = BUILT_PRODUCTS_DIR; };
		27D915D829FEB4820027C3BF /* AppDelegate.swift */ = {isa = PBXFileReference; lastKnownFileType = sourcecode.swift; path = AppDelegate.swift; sourceTree = "<group>"; };
		27D915DA29FEB4820027C3BF /* SceneDelegate.swift */ = {isa = PBXFileReference; lastKnownFileType = sourcecode.swift; path = SceneDelegate.swift; sourceTree = "<group>"; };
		27D915E129FEB4820027C3BF /* Assets.xcassets */ = {isa = PBXFileReference; lastKnownFileType = folder.assetcatalog; path = Assets.xcassets; sourceTree = "<group>"; };
		27D915E429FEB4830027C3BF /* Base */ = {isa = PBXFileReference; lastKnownFileType = file.storyboard; name = Base; path = Base.lproj/LaunchScreen.storyboard; sourceTree = "<group>"; };
		27D915E629FEB4830027C3BF /* Info.plist */ = {isa = PBXFileReference; lastKnownFileType = text.plist.xml; path = Info.plist; sourceTree = "<group>"; };
		27D915EC29FEB4B90027C3BF /* GoogleService-Info.plist */ = {isa = PBXFileReference; fileEncoding = 4; lastKnownFileType = text.plist.xml; path = "GoogleService-Info.plist"; sourceTree = "<group>"; };
		27D915FC29FEBAC90027C3BF /* BaseViewController.swift */ = {isa = PBXFileReference; lastKnownFileType = sourcecode.swift; path = BaseViewController.swift; sourceTree = "<group>"; };
		27D915FE29FEBB200027C3BF /* Store.swift */ = {isa = PBXFileReference; lastKnownFileType = sourcecode.swift; path = Store.swift; sourceTree = "<group>"; };
		27D9160329FEBD1A0027C3BF /* Router.swift */ = {isa = PBXFileReference; lastKnownFileType = sourcecode.swift; path = Router.swift; sourceTree = "<group>"; };
		27D9160529FEBD5F0027C3BF /* InlineConfigurable.swift */ = {isa = PBXFileReference; lastKnownFileType = sourcecode.swift; path = InlineConfigurable.swift; sourceTree = "<group>"; };
		27D9160729FEBD8A0027C3BF /* BaseCoordinator.swift */ = {isa = PBXFileReference; lastKnownFileType = sourcecode.swift; path = BaseCoordinator.swift; sourceTree = "<group>"; };
		27D9160929FEBE1E0027C3BF /* AppCoordinator.swift */ = {isa = PBXFileReference; lastKnownFileType = sourcecode.swift; path = AppCoordinator.swift; sourceTree = "<group>"; };
		27D9160D29FEC0070027C3BF /* AuthCoordinator.swift */ = {isa = PBXFileReference; lastKnownFileType = sourcecode.swift; path = AuthCoordinator.swift; sourceTree = "<group>"; };
		27D9160F29FEC11E0027C3BF /* SignInViewController.swift */ = {isa = PBXFileReference; lastKnownFileType = sourcecode.swift; path = SignInViewController.swift; sourceTree = "<group>"; };
		27D9161229FEC1940027C3BF /* View+Extension.swift */ = {isa = PBXFileReference; lastKnownFileType = sourcecode.swift; path = "View+Extension.swift"; sourceTree = "<group>"; };
		27D9161429FEC1EA0027C3BF /* RestrictedUIHostingController.swift */ = {isa = PBXFileReference; lastKnownFileType = sourcecode.swift; path = RestrictedUIHostingController.swift; sourceTree = "<group>"; };
		27D9161729FEC24E0027C3BF /* UIViewController+Extension.swift */ = {isa = PBXFileReference; lastKnownFileType = sourcecode.swift; path = "UIViewController+Extension.swift"; sourceTree = "<group>"; };
		27D9161929FEC29C0027C3BF /* UIView+Extension.swift */ = {isa = PBXFileReference; lastKnownFileType = sourcecode.swift; path = "UIView+Extension.swift"; sourceTree = "<group>"; };
		27D9161C29FEC4850027C3BF /* CustomInputField.swift */ = {isa = PBXFileReference; lastKnownFileType = sourcecode.swift; path = CustomInputField.swift; sourceTree = "<group>"; };
		27D9161E29FEC4CB0027C3BF /* SignInView.swift */ = {isa = PBXFileReference; lastKnownFileType = sourcecode.swift; path = SignInView.swift; sourceTree = "<group>"; };
		27D9162029FEC5070027C3BF /* SingInViewModel.swift */ = {isa = PBXFileReference; lastKnownFileType = sourcecode.swift; path = SingInViewModel.swift; sourceTree = "<group>"; };
/* End PBXFileReference section */

/* Begin PBXFrameworksBuildPhase section */
		27D915D229FEB4820027C3BF /* Frameworks */ = {
			isa = PBXFrameworksBuildPhase;
			buildActionMask = 2147483647;
			files = (
				270374DF2A00C5E200F27641 /* Kingfisher in Frameworks */,
				27D915F029FEB5030027C3BF /* FirebaseAuth in Frameworks */,
				27D915F629FEB5030027C3BF /* FirebaseStorage in Frameworks */,
				27D915F229FEB5030027C3BF /* FirebaseFirestore in Frameworks */,
				27D915F429FEB5030027C3BF /* FirebaseFirestoreSwift in Frameworks */,
				27D9160229FEBB7C0027C3BF /* SnapKit in Frameworks */,
			);
			runOnlyForDeploymentPostprocessing = 0;
		};
/* End PBXFrameworksBuildPhase section */

/* Begin PBXGroup section */
		273547FD2A01F6CD0087B3E3 /* Messager */ = {
			isa = PBXGroup;
			children = (
				27B843FB2A049A9A00300B88 /* FirebaseHelpers */,
				273547FE2A01F7290087B3E3 /* MAuth */,
				2745BC892A03A74E0043D22A /* MSettings */,
			);
			name = Messager;
			sourceTree = "<group>";
		};
		273547FE2A01F7290087B3E3 /* MAuth */ = {
			isa = PBXGroup;
			children = (
				273547FF2A01F7700087B3E3 /* MAuthCoordinator.swift */,
				273548012A01FA3F0087B3E3 /* MLoginViewController.swift */,
				27C597602A02C3B70043543F /* MLoginStore.swift */,
				273548072A020BF30087B3E3 /* MAuthTextField.swift */,
			);
			name = MAuth;
			sourceTree = "<group>";
		};
		2745BC892A03A74E0043D22A /* MSettings */ = {
			isa = PBXGroup;
			children = (
				2745BC872A03A7470043D22A /* MSettingsCoordinator.swift */,
				27BF4FD92A03FA9300237627 /* MStatus */,
				27BF4FD02A03E1CB00237627 /* MProfile */,
				27BF4FCB2A03E16800237627 /* MSettings */,
			);
			name = MSettings;
			sourceTree = "<group>";
		};
		2757718E29FFAE3C007EBE57 /* PhotoSelector */ = {
			isa = PBXGroup;
			children = (
				2757718C29FFADD1007EBE57 /* ProfilePhotoSelectorView.swift */,
				2757719329FFBB8C007EBE57 /* ProfilePhotoSelectorStore.swift */,
				2757719129FFB3D3007EBE57 /* ProfilePhotoSelectorViewModel.swift */,
				2757718F29FFAE54007EBE57 /* ProfilePhotoSelectorViewController.swift */,
			);
			name = PhotoSelector;
			sourceTree = "<group>";
		};
		27769F572A002BDE00EC4AF8 /* Feed */ = {
			isa = PBXGroup;
			children = (
				27769F5D2A002C3200EC4AF8 /* FeedCoordinator.swift */,
				27769F752A00A1C400EC4AF8 /* FeedView */,
				27769F742A009F4000EC4AF8 /* AddTweetView */,
			);
			name = Feed;
			sourceTree = "<group>";
		};
		27769F582A002BE300EC4AF8 /* Explore */ = {
			isa = PBXGroup;
			children = (
				27769F5F2A002D8800EC4AF8 /* ExploreCoordinator.swift */,
				27769F712A009F1600EC4AF8 /* ExploreView */,
			);
			name = Explore;
			sourceTree = "<group>";
		};
		27769F592A002BEC00EC4AF8 /* Notifications */ = {
			isa = PBXGroup;
			children = (
				27769F672A002DB800EC4AF8 /* NotificationsViewController.swift */,
				27769F692A002DC500EC4AF8 /* NotificationsCoordinator.swift */,
			);
			name = Notifications;
			sourceTree = "<group>";
		};
		27769F5A2A002BF400EC4AF8 /* Messages */ = {
			isa = PBXGroup;
			children = (
				27769F632A002DA000EC4AF8 /* MessagesViewController.swift */,
				27769F652A002DAB00EC4AF8 /* MessagesCoordinator.swift */,
			);
			name = Messages;
			sourceTree = "<group>";
		};
		27769F712A009F1600EC4AF8 /* ExploreView */ = {
			isa = PBXGroup;
			children = (
				27769F612A002D9200EC4AF8 /* ExploreViewController.swift */,
				27769F6B2A008C6600EC4AF8 /* ExploreStore.swift */,
				27769F6D2A00947200EC4AF8 /* PersonRowView.swift */,
			);
			name = ExploreView;
			sourceTree = "<group>";
		};
		27769F742A009F4000EC4AF8 /* AddTweetView */ = {
			isa = PBXGroup;
			children = (
				27769F722A009F2D00EC4AF8 /* AddTweetViewController.swift */,
				27B6E8502A00AF0100A46F8E /* AddTweetStore.swift */,
			);
			name = AddTweetView;
			sourceTree = "<group>";
		};
		27769F752A00A1C400EC4AF8 /* FeedView */ = {
			isa = PBXGroup;
			children = (
				27769F6F2A009D9A00EC4AF8 /* FeedStore.swift */,
				27769F5B2A002C1200EC4AF8 /* FeedViewController.swift */,
				270374D92A00BB0700F27641 /* TweetRowView.swift */,
			);
			name = FeedView;
			sourceTree = "<group>";
		};
		27B843FB2A049A9A00300B88 /* FirebaseHelpers */ = {
			isa = PBXGroup;
			children = (
				27B843FC2A049AB100300B88 /* FileStorage.swift */,
			);
			name = FirebaseHelpers;
			sourceTree = "<group>";
		};
		27BF4FCB2A03E16800237627 /* MSettings */ = {
			isa = PBXGroup;
			children = (
				2745BC8A2A03A76E0043D22A /* MSettingsViewController.swift */,
				27BF4FC72A03B8D000237627 /* MSettignsProfileCell.swift */,
			);
			name = MSettings;
			sourceTree = "<group>";
		};
		27BF4FD02A03E1CB00237627 /* MProfile */ = {
			isa = PBXGroup;
			children = (
				27BF4FCE2A03E18D00237627 /* MProfileViewController.swift */,
				27B843F92A046F2300300B88 /* MProfileStore.swift */,
				27BF4FD12A03E61D00237627 /* MEditProfileCell.swift */,
				27BF4FD32A03E93E00237627 /* MEditUsernameCell.swift */,
			);
			name = MProfile;
			sourceTree = "<group>";
		};
		27BF4FD92A03FA9300237627 /* MStatus */ = {
			isa = PBXGroup;
			children = (
				27BF4FD72A03FA8B00237627 /* MStatusViewController.swift */,
			);
			name = MStatus;
			sourceTree = "<group>";
		};
		27C19E1E29FF16DE00DD19A5 /* SignIn */ = {
			isa = PBXGroup;
			children = (
				27D9160F29FEC11E0027C3BF /* SignInViewController.swift */,
				27D9162029FEC5070027C3BF /* SingInViewModel.swift */,
				27D9161E29FEC4CB0027C3BF /* SignInView.swift */,
				27C19E3F29FF646C00DD19A5 /* SignInStore.swift */,
			);
			name = SignIn;
			sourceTree = "<group>";
		};
		27C19E2729FF1B4800DD19A5 /* SignUp */ = {
			isa = PBXGroup;
			children = (
				27C19E2529FF1B4000DD19A5 /* SignUpViewController.swift */,
				27C19E2829FF1BCD00DD19A5 /* SignUpViewModel.swift */,
				27C19E2A29FF1BD900DD19A5 /* SignUpView.swift */,
				27C19E2C29FF23C900DD19A5 /* SignUpStore.swift */,
			);
			name = SignUp;
			sourceTree = "<group>";
		};
		27C19E2E29FF370400DD19A5 /* TabBar */ = {
			isa = PBXGroup;
			children = (
				27C19E2F29FF372100DD19A5 /* TabBarCoordinator.swift */,
				27C19E3129FF3CA200DD19A5 /* TabItem.swift */,
				27C19E3329FF580100DD19A5 /* TabBarController.swift */,
				27C19E4129FF770300DD19A5 /* ContainerViewController.swift */,
			);
			name = TabBar;
			sourceTree = "<group>";
		};
		27C19E3529FF5A7400DD19A5 /* Profile */ = {
			isa = PBXGroup;
			children = (
				27C19E3A29FF5B0600DD19A5 /* ProfileViewController.swift */,
				27C19E3C29FF5B3500DD19A5 /* ProfileView.swift */,
				270374E22A00FBCC00F27641 /* ProfileViewModel.swift */,
				270374E42A00FC1200F27641 /* TweetFilterViewModel.swift */,
			);
			name = Profile;
			sourceTree = "<group>";
		};
		27C19E4329FF80DD00DD19A5 /* Menu */ = {
			isa = PBXGroup;
			children = (
				27C19E4429FF810C00DD19A5 /* MenuViewController.swift */,
				27C19E4629FF918500DD19A5 /* SideMenuView.swift */,
				27C19E4829FF921E00DD19A5 /* SideMenuViewModel.swift */,
				27C19E4C29FF929900DD19A5 /* SideMenuRowView.swift */,
			);
			name = Menu;
			sourceTree = "<group>";
		};
		27C19E4E29FF92FF00DD19A5 /* Model */ = {
			isa = PBXGroup;
			children = (
				27C19E4F29FF930C00DD19A5 /* Person.swift */,
				270374D72A00B88700F27641 /* Tweet.swift */,
				27BF4FDA2A03FB7100237627 /* Status.swift */,
			);
			name = Model;
			sourceTree = "<group>";
		};
		27D915CC29FEB4820027C3BF = {
			isa = PBXGroup;
			children = (
				27769F562A001D8400EC4AF8 /* README.md */,
				27D915D729FEB4820027C3BF /* Twitter */,
				27D915D629FEB4820027C3BF /* Products */,
			);
			sourceTree = "<group>";
		};
		27D915D629FEB4820027C3BF /* Products */ = {
			isa = PBXGroup;
			children = (
				27D915D529FEB4820027C3BF /* Twitter.app */,
			);
			name = Products;
			sourceTree = "<group>";
		};
		27D915D729FEB4820027C3BF /* Twitter */ = {
			isa = PBXGroup;
			children = (
				27D915F829FEB5A20027C3BF /* App */,
				273547FD2A01F6CD0087B3E3 /* Messager */,
				27C19E4E29FF92FF00DD19A5 /* Model */,
				27D915F929FEBA2D0027C3BF /* Core */,
				27D9160B29FEBFDC0027C3BF /* Features */,
				27D915F729FEB5770027C3BF /* Supporting Files */,
				270374DB2A00C20B00F27641 /* PersonManager.swift */,
			);
			path = Twitter;
			sourceTree = "<group>";
		};
		27D915F729FEB5770027C3BF /* Supporting Files */ = {
			isa = PBXGroup;
			children = (
				27D915E129FEB4820027C3BF /* Assets.xcassets */,
				27D915E329FEB4830027C3BF /* LaunchScreen.storyboard */,
				27D915EC29FEB4B90027C3BF /* GoogleService-Info.plist */,
				27D915E629FEB4830027C3BF /* Info.plist */,
			);
			name = "Supporting Files";
			sourceTree = "<group>";
		};
		27D915F829FEB5A20027C3BF /* App */ = {
			isa = PBXGroup;
			children = (
				27D915D829FEB4820027C3BF /* AppDelegate.swift */,
				27D915DA29FEB4820027C3BF /* SceneDelegate.swift */,
				27D9160929FEBE1E0027C3BF /* AppCoordinator.swift */,
			);
			name = App;
			sourceTree = "<group>";
		};
		27D915F929FEBA2D0027C3BF /* Core */ = {
			isa = PBXGroup;
			children = (
				27D9161129FEC1810027C3BF /* Extensions */,
				27D915FA29FEBA5D0027C3BF /* Base */,
			);
			name = Core;
			sourceTree = "<group>";
		};
		27D915FA29FEBA5D0027C3BF /* Base */ = {
			isa = PBXGroup;
			children = (
				27D915FB29FEBA720027C3BF /* Navigation */,
				27D915FE29FEBB200027C3BF /* Store.swift */,
				27D9160529FEBD5F0027C3BF /* InlineConfigurable.swift */,
				273548052A020B0D0087B3E3 /* BaseView.swift */,
				27BF4FC92A03B91400237627 /* BaseTableViewCell.swift */,
				27D9161629FEC1FE0027C3BF /* Bridge */,
				27C5975E2A0267030043543F /* ProgressHUD.swift */,
			);
			name = Base;
			sourceTree = "<group>";
		};
		27D915FB29FEBA720027C3BF /* Navigation */ = {
			isa = PBXGroup;
			children = (
				27D915FC29FEBAC90027C3BF /* BaseViewController.swift */,
				27D9160329FEBD1A0027C3BF /* Router.swift */,
				27D9160729FEBD8A0027C3BF /* BaseCoordinator.swift */,
			);
			name = Navigation;
			sourceTree = "<group>";
		};
		27D9160B29FEBFDC0027C3BF /* Features */ = {
			isa = PBXGroup;
			children = (
				27769F572A002BDE00EC4AF8 /* Feed */,
				27769F582A002BE300EC4AF8 /* Explore */,
				27769F5A2A002BF400EC4AF8 /* Messages */,
				27769F592A002BEC00EC4AF8 /* Notifications */,
				27C19E4329FF80DD00DD19A5 /* Menu */,
				27C19E3529FF5A7400DD19A5 /* Profile */,
				27C19E2E29FF370400DD19A5 /* TabBar */,
				27D9161B29FEC4790027C3BF /* Components */,
				27D9160C29FEBFE20027C3BF /* Auth */,
			);
			name = Features;
			sourceTree = "<group>";
		};
		27D9160C29FEBFE20027C3BF /* Auth */ = {
			isa = PBXGroup;
			children = (
				27D9160D29FEC0070027C3BF /* AuthCoordinator.swift */,
				27C19E2729FF1B4800DD19A5 /* SignUp */,
				27C19E1E29FF16DE00DD19A5 /* SignIn */,
				2757718E29FFAE3C007EBE57 /* PhotoSelector */,
			);
			name = Auth;
			sourceTree = "<group>";
		};
		27D9161129FEC1810027C3BF /* Extensions */ = {
			isa = PBXGroup;
			children = (
				27D9161229FEC1940027C3BF /* View+Extension.swift */,
				273548032A020A770087B3E3 /* UIFont+Extension.swift */,
				27D9161729FEC24E0027C3BF /* UIViewController+Extension.swift */,
				27D9161929FEC29C0027C3BF /* UIView+Extension.swift */,
			);
			name = Extensions;
			sourceTree = "<group>";
		};
		27D9161629FEC1FE0027C3BF /* Bridge */ = {
			isa = PBXGroup;
			children = (
				27D9161429FEC1EA0027C3BF /* RestrictedUIHostingController.swift */,
			);
			name = Bridge;
			sourceTree = "<group>";
		};
		27D9161B29FEC4790027C3BF /* Components */ = {
			isa = PBXGroup;
			children = (
				27D9161C29FEC4850027C3BF /* CustomInputField.swift */,
				27C19E1F29FF18B700DD19A5 /* AuthHeaderView.swift */,
				27C19E2129FF18EF00DD19A5 /* RoundedShape.swift */,
				27C19E2329FF199B00DD19A5 /* PrimaryButtonView.swift */,
				27C19E4A29FF923F00DD19A5 /* UserStatsView.swift */,
			);
			name = Components;
			sourceTree = "<group>";
		};
/* End PBXGroup section */

/* Begin PBXNativeTarget section */
		27D915D429FEB4820027C3BF /* Twitter */ = {
			isa = PBXNativeTarget;
			buildConfigurationList = 27D915E929FEB4830027C3BF /* Build configuration list for PBXNativeTarget "Twitter" */;
			buildPhases = (
				27D915D129FEB4820027C3BF /* Sources */,
				27D915D229FEB4820027C3BF /* Frameworks */,
				27D915D329FEB4820027C3BF /* Resources */,
			);
			buildRules = (
			);
			dependencies = (
			);
			name = Twitter;
			packageProductDependencies = (
				27D915EF29FEB5030027C3BF /* FirebaseAuth */,
				27D915F129FEB5030027C3BF /* FirebaseFirestore */,
				27D915F329FEB5030027C3BF /* FirebaseFirestoreSwift */,
				27D915F529FEB5030027C3BF /* FirebaseStorage */,
				27D9160129FEBB7C0027C3BF /* SnapKit */,
				270374DE2A00C5E200F27641 /* Kingfisher */,
			);
			productName = Twitter;
			productReference = 27D915D529FEB4820027C3BF /* Twitter.app */;
			productType = "com.apple.product-type.application";
		};
/* End PBXNativeTarget section */

/* Begin PBXProject section */
		27D915CD29FEB4820027C3BF /* Project object */ = {
			isa = PBXProject;
			attributes = {
				BuildIndependentTargetsInParallel = 1;
				LastSwiftUpdateCheck = 1430;
				LastUpgradeCheck = 1430;
				TargetAttributes = {
					27D915D429FEB4820027C3BF = {
						CreatedOnToolsVersion = 14.3;
					};
				};
			};
			buildConfigurationList = 27D915D029FEB4820027C3BF /* Build configuration list for PBXProject "Twitter" */;
			compatibilityVersion = "Xcode 14.0";
			developmentRegion = en;
			hasScannedForEncodings = 0;
			knownRegions = (
				en,
				Base,
			);
			mainGroup = 27D915CC29FEB4820027C3BF;
			packageReferences = (
				27D915EE29FEB5030027C3BF /* XCRemoteSwiftPackageReference "firebase-ios-sdk" */,
				27D9160029FEBB7C0027C3BF /* XCRemoteSwiftPackageReference "SnapKit" */,
				270374DD2A00C5E200F27641 /* XCRemoteSwiftPackageReference "Kingfisher" */,
			);
			productRefGroup = 27D915D629FEB4820027C3BF /* Products */;
			projectDirPath = "";
			projectRoot = "";
			targets = (
				27D915D429FEB4820027C3BF /* Twitter */,
			);
		};
/* End PBXProject section */

/* Begin PBXResourcesBuildPhase section */
		27D915D329FEB4820027C3BF /* Resources */ = {
			isa = PBXResourcesBuildPhase;
			buildActionMask = 2147483647;
			files = (
				27D915E529FEB4830027C3BF /* LaunchScreen.storyboard in Resources */,
				27D915ED29FEB4B90027C3BF /* GoogleService-Info.plist in Resources */,
				27D915E229FEB4820027C3BF /* Assets.xcassets in Resources */,
			);
			runOnlyForDeploymentPostprocessing = 0;
		};
/* End PBXResourcesBuildPhase section */

/* Begin PBXSourcesBuildPhase section */
		27D915D129FEB4820027C3BF /* Sources */ = {
			isa = PBXSourcesBuildPhase;
			buildActionMask = 2147483647;
			files = (
				27C19E4029FF646C00DD19A5 /* SignInStore.swift in Sources */,
				27D9162129FEC5070027C3BF /* SingInViewModel.swift in Sources */,
				270374E32A00FBCC00F27641 /* ProfileViewModel.swift in Sources */,
				27D915D929FEB4820027C3BF /* AppDelegate.swift in Sources */,
				27B6E8512A00AF0100A46F8E /* AddTweetStore.swift in Sources */,
				27769F6C2A008C6600EC4AF8 /* ExploreStore.swift in Sources */,
				27C19E4929FF921F00DD19A5 /* SideMenuViewModel.swift in Sources */,
				27D915DB29FEB4820027C3BF /* SceneDelegate.swift in Sources */,
				27769F682A002DB800EC4AF8 /* NotificationsViewController.swift in Sources */,
				2757719429FFBB8C007EBE57 /* ProfilePhotoSelectorStore.swift in Sources */,
				2745BC882A03A7470043D22A /* MSettingsCoordinator.swift in Sources */,
				27C19E4529FF810C00DD19A5 /* MenuViewController.swift in Sources */,
				27B843FD2A049AB100300B88 /* FileStorage.swift in Sources */,
				2757719029FFAE54007EBE57 /* ProfilePhotoSelectorViewController.swift in Sources */,
				27C19E3429FF580100DD19A5 /* TabBarController.swift in Sources */,
				27BF4FD42A03E93E00237627 /* MEditUsernameCell.swift in Sources */,
				27C19E3029FF372100DD19A5 /* TabBarCoordinator.swift in Sources */,
				27D9160429FEBD1A0027C3BF /* Router.swift in Sources */,
				27D9160629FEBD5F0027C3BF /* InlineConfigurable.swift in Sources */,
				273548042A020A770087B3E3 /* UIFont+Extension.swift in Sources */,
				27BF4FCA2A03B91400237627 /* BaseTableViewCell.swift in Sources */,
				27C19E3229FF3CA200DD19A5 /* TabItem.swift in Sources */,
				27BF4FCF2A03E18D00237627 /* MProfileViewController.swift in Sources */,
				27769F6E2A00947200EC4AF8 /* PersonRowView.swift in Sources */,
				27C19E2B29FF1BD900DD19A5 /* SignUpView.swift in Sources */,
				27D9160A29FEBE1E0027C3BF /* AppCoordinator.swift in Sources */,
				27C19E5029FF930C00DD19A5 /* Person.swift in Sources */,
				27BF4FDB2A03FB7100237627 /* Status.swift in Sources */,
				27769F642A002DA000EC4AF8 /* MessagesViewController.swift in Sources */,
				273548082A020BF30087B3E3 /* MAuthTextField.swift in Sources */,
				27BF4FC82A03B8D000237627 /* MSettignsProfileCell.swift in Sources */,
				27D9161529FEC1EA0027C3BF /* RestrictedUIHostingController.swift in Sources */,
				27C19E3B29FF5B0600DD19A5 /* ProfileViewController.swift in Sources */,
				27769F6A2A002DC500EC4AF8 /* NotificationsCoordinator.swift in Sources */,
				27B843FA2A046F2300300B88 /* MProfileStore.swift in Sources */,
				2757719229FFB3D3007EBE57 /* ProfilePhotoSelectorViewModel.swift in Sources */,
				27C5975F2A0267030043543F /* ProgressHUD.swift in Sources */,
				27C597612A02C3B70043543F /* MLoginStore.swift in Sources */,
				27C19E4D29FF929900DD19A5 /* SideMenuRowView.swift in Sources */,
				27D9160829FEBD8A0027C3BF /* BaseCoordinator.swift in Sources */,
				27D9161829FEC24E0027C3BF /* UIViewController+Extension.swift in Sources */,
				27769F5C2A002C1200EC4AF8 /* FeedViewController.swift in Sources */,
				27D9161A29FEC29C0027C3BF /* UIView+Extension.swift in Sources */,
				270374D82A00B88700F27641 /* Tweet.swift in Sources */,
				270374DA2A00BB0700F27641 /* TweetRowView.swift in Sources */,
				27769F732A009F2E00EC4AF8 /* AddTweetViewController.swift in Sources */,
				27C19E4729FF918500DD19A5 /* SideMenuView.swift in Sources */,
				27D915FD29FEBAC90027C3BF /* BaseViewController.swift in Sources */,
				270374E52A00FC1300F27641 /* TweetFilterViewModel.swift in Sources */,
				27D9161D29FEC4850027C3BF /* CustomInputField.swift in Sources */,
				27D9161329FEC1940027C3BF /* View+Extension.swift in Sources */,
				27C19E2029FF18B700DD19A5 /* AuthHeaderView.swift in Sources */,
				27769F702A009D9A00EC4AF8 /* FeedStore.swift in Sources */,
				27C19E2D29FF23C900DD19A5 /* SignUpStore.swift in Sources */,
				27769F662A002DAB00EC4AF8 /* MessagesCoordinator.swift in Sources */,
				27C19E2229FF18EF00DD19A5 /* RoundedShape.swift in Sources */,
				2745BC8B2A03A76E0043D22A /* MSettingsViewController.swift in Sources */,
				270374DC2A00C20B00F27641 /* PersonManager.swift in Sources */,
				27C19E3D29FF5B3500DD19A5 /* ProfileView.swift in Sources */,
				2757718D29FFADD1007EBE57 /* ProfilePhotoSelectorView.swift in Sources */,
				27769F602A002D8800EC4AF8 /* ExploreCoordinator.swift in Sources */,
				27C19E2629FF1B4000DD19A5 /* SignUpViewController.swift in Sources */,
				27D9160E29FEC0070027C3BF /* AuthCoordinator.swift in Sources */,
				27C19E4229FF770300DD19A5 /* ContainerViewController.swift in Sources */,
				27D9161029FEC11E0027C3BF /* SignInViewController.swift in Sources */,
				27BF4FD22A03E61D00237627 /* MEditProfileCell.swift in Sources */,
				27C19E2429FF199B00DD19A5 /* PrimaryButtonView.swift in Sources */,
				27BF4FD82A03FA8B00237627 /* MStatusViewController.swift in Sources */,
				27769F622A002D9200EC4AF8 /* ExploreViewController.swift in Sources */,
				273548022A01FA3F0087B3E3 /* MLoginViewController.swift in Sources */,
				27D9161F29FEC4CB0027C3BF /* SignInView.swift in Sources */,
				27769F5E2A002C3200EC4AF8 /* FeedCoordinator.swift in Sources */,
				273548002A01F7700087B3E3 /* MAuthCoordinator.swift in Sources */,
				27C19E2929FF1BCD00DD19A5 /* SignUpViewModel.swift in Sources */,
				273548062A020B0D0087B3E3 /* BaseView.swift in Sources */,
				27D915FF29FEBB200027C3BF /* Store.swift in Sources */,
				27C19E4B29FF923F00DD19A5 /* UserStatsView.swift in Sources */,
			);
			runOnlyForDeploymentPostprocessing = 0;
		};
/* End PBXSourcesBuildPhase section */

/* Begin PBXVariantGroup section */
		27D915E329FEB4830027C3BF /* LaunchScreen.storyboard */ = {
			isa = PBXVariantGroup;
			children = (
				27D915E429FEB4830027C3BF /* Base */,
			);
			name = LaunchScreen.storyboard;
			sourceTree = "<group>";
		};
/* End PBXVariantGroup section */

/* Begin XCBuildConfiguration section */
		27D915E729FEB4830027C3BF /* Debug */ = {
			isa = XCBuildConfiguration;
			buildSettings = {
				ALWAYS_SEARCH_USER_PATHS = NO;
				CLANG_ANALYZER_NONNULL = YES;
				CLANG_ANALYZER_NUMBER_OBJECT_CONVERSION = YES_AGGRESSIVE;
				CLANG_CXX_LANGUAGE_STANDARD = "gnu++20";
				CLANG_ENABLE_MODULES = YES;
				CLANG_ENABLE_OBJC_ARC = YES;
				CLANG_ENABLE_OBJC_WEAK = YES;
				CLANG_WARN_BLOCK_CAPTURE_AUTORELEASING = YES;
				CLANG_WARN_BOOL_CONVERSION = YES;
				CLANG_WARN_COMMA = YES;
				CLANG_WARN_CONSTANT_CONVERSION = YES;
				CLANG_WARN_DEPRECATED_OBJC_IMPLEMENTATIONS = YES;
				CLANG_WARN_DIRECT_OBJC_ISA_USAGE = YES_ERROR;
				CLANG_WARN_DOCUMENTATION_COMMENTS = YES;
				CLANG_WARN_EMPTY_BODY = YES;
				CLANG_WARN_ENUM_CONVERSION = YES;
				CLANG_WARN_INFINITE_RECURSION = YES;
				CLANG_WARN_INT_CONVERSION = YES;
				CLANG_WARN_NON_LITERAL_NULL_CONVERSION = YES;
				CLANG_WARN_OBJC_IMPLICIT_RETAIN_SELF = YES;
				CLANG_WARN_OBJC_LITERAL_CONVERSION = YES;
				CLANG_WARN_OBJC_ROOT_CLASS = YES_ERROR;
				CLANG_WARN_QUOTED_INCLUDE_IN_FRAMEWORK_HEADER = YES;
				CLANG_WARN_RANGE_LOOP_ANALYSIS = YES;
				CLANG_WARN_STRICT_PROTOTYPES = YES;
				CLANG_WARN_SUSPICIOUS_MOVE = YES;
				CLANG_WARN_UNGUARDED_AVAILABILITY = YES_AGGRESSIVE;
				CLANG_WARN_UNREACHABLE_CODE = YES;
				CLANG_WARN__DUPLICATE_METHOD_MATCH = YES;
				COPY_PHASE_STRIP = NO;
				DEBUG_INFORMATION_FORMAT = dwarf;
				ENABLE_STRICT_OBJC_MSGSEND = YES;
				ENABLE_TESTABILITY = YES;
				GCC_C_LANGUAGE_STANDARD = gnu11;
				GCC_DYNAMIC_NO_PIC = NO;
				GCC_NO_COMMON_BLOCKS = YES;
				GCC_OPTIMIZATION_LEVEL = 0;
				GCC_PREPROCESSOR_DEFINITIONS = (
					"DEBUG=1",
					"$(inherited)",
				);
				GCC_WARN_64_TO_32_BIT_CONVERSION = YES;
				GCC_WARN_ABOUT_RETURN_TYPE = YES_ERROR;
				GCC_WARN_UNDECLARED_SELECTOR = YES;
				GCC_WARN_UNINITIALIZED_AUTOS = YES_AGGRESSIVE;
				GCC_WARN_UNUSED_FUNCTION = YES;
				GCC_WARN_UNUSED_VARIABLE = YES;
				IPHONEOS_DEPLOYMENT_TARGET = 16.4;
				MTL_ENABLE_DEBUG_INFO = INCLUDE_SOURCE;
				MTL_FAST_MATH = YES;
				ONLY_ACTIVE_ARCH = YES;
				SDKROOT = iphoneos;
				SWIFT_ACTIVE_COMPILATION_CONDITIONS = DEBUG;
				SWIFT_OPTIMIZATION_LEVEL = "-Onone";
			};
			name = Debug;
		};
		27D915E829FEB4830027C3BF /* Release */ = {
			isa = XCBuildConfiguration;
			buildSettings = {
				ALWAYS_SEARCH_USER_PATHS = NO;
				CLANG_ANALYZER_NONNULL = YES;
				CLANG_ANALYZER_NUMBER_OBJECT_CONVERSION = YES_AGGRESSIVE;
				CLANG_CXX_LANGUAGE_STANDARD = "gnu++20";
				CLANG_ENABLE_MODULES = YES;
				CLANG_ENABLE_OBJC_ARC = YES;
				CLANG_ENABLE_OBJC_WEAK = YES;
				CLANG_WARN_BLOCK_CAPTURE_AUTORELEASING = YES;
				CLANG_WARN_BOOL_CONVERSION = YES;
				CLANG_WARN_COMMA = YES;
				CLANG_WARN_CONSTANT_CONVERSION = YES;
				CLANG_WARN_DEPRECATED_OBJC_IMPLEMENTATIONS = YES;
				CLANG_WARN_DIRECT_OBJC_ISA_USAGE = YES_ERROR;
				CLANG_WARN_DOCUMENTATION_COMMENTS = YES;
				CLANG_WARN_EMPTY_BODY = YES;
				CLANG_WARN_ENUM_CONVERSION = YES;
				CLANG_WARN_INFINITE_RECURSION = YES;
				CLANG_WARN_INT_CONVERSION = YES;
				CLANG_WARN_NON_LITERAL_NULL_CONVERSION = YES;
				CLANG_WARN_OBJC_IMPLICIT_RETAIN_SELF = YES;
				CLANG_WARN_OBJC_LITERAL_CONVERSION = YES;
				CLANG_WARN_OBJC_ROOT_CLASS = YES_ERROR;
				CLANG_WARN_QUOTED_INCLUDE_IN_FRAMEWORK_HEADER = YES;
				CLANG_WARN_RANGE_LOOP_ANALYSIS = YES;
				CLANG_WARN_STRICT_PROTOTYPES = YES;
				CLANG_WARN_SUSPICIOUS_MOVE = YES;
				CLANG_WARN_UNGUARDED_AVAILABILITY = YES_AGGRESSIVE;
				CLANG_WARN_UNREACHABLE_CODE = YES;
				CLANG_WARN__DUPLICATE_METHOD_MATCH = YES;
				COPY_PHASE_STRIP = NO;
				DEBUG_INFORMATION_FORMAT = "dwarf-with-dsym";
				ENABLE_NS_ASSERTIONS = NO;
				ENABLE_STRICT_OBJC_MSGSEND = YES;
				GCC_C_LANGUAGE_STANDARD = gnu11;
				GCC_NO_COMMON_BLOCKS = YES;
				GCC_WARN_64_TO_32_BIT_CONVERSION = YES;
				GCC_WARN_ABOUT_RETURN_TYPE = YES_ERROR;
				GCC_WARN_UNDECLARED_SELECTOR = YES;
				GCC_WARN_UNINITIALIZED_AUTOS = YES_AGGRESSIVE;
				GCC_WARN_UNUSED_FUNCTION = YES;
				GCC_WARN_UNUSED_VARIABLE = YES;
				IPHONEOS_DEPLOYMENT_TARGET = 16.4;
				MTL_ENABLE_DEBUG_INFO = NO;
				MTL_FAST_MATH = YES;
				SDKROOT = iphoneos;
				SWIFT_COMPILATION_MODE = wholemodule;
				SWIFT_OPTIMIZATION_LEVEL = "-O";
				VALIDATE_PRODUCT = YES;
			};
			name = Release;
		};
		27D915EA29FEB4830027C3BF /* Debug */ = {
			isa = XCBuildConfiguration;
			buildSettings = {
				ASSETCATALOG_COMPILER_APPICON_NAME = AppIcon;
				ASSETCATALOG_COMPILER_GLOBAL_ACCENT_COLOR_NAME = AccentColor;
				CODE_SIGN_STYLE = Automatic;
				CURRENT_PROJECT_VERSION = 2;
				DEVELOPMENT_TEAM = 723HTEFHBA;
				GENERATE_INFOPLIST_FILE = YES;
				INFOPLIST_FILE = Twitter/Info.plist;
				INFOPLIST_KEY_UIApplicationSupportsIndirectInputEvents = YES;
				INFOPLIST_KEY_UILaunchStoryboardName = LaunchScreen;
				INFOPLIST_KEY_UISupportedInterfaceOrientations_iPad = "UIInterfaceOrientationPortrait UIInterfaceOrientationPortraitUpsideDown UIInterfaceOrientationLandscapeLeft UIInterfaceOrientationLandscapeRight";
				INFOPLIST_KEY_UISupportedInterfaceOrientations_iPhone = "UIInterfaceOrientationPortrait UIInterfaceOrientationLandscapeLeft UIInterfaceOrientationLandscapeRight";
				IPHONEOS_DEPLOYMENT_TARGET = 16.0;
				LD_RUNPATH_SEARCH_PATHS = (
					"$(inherited)",
					"@executable_path/Frameworks",
				);
				MARKETING_VERSION = 0.1.1;
				PRODUCT_BUNDLE_IDENTIFIER = ru.fibeapp.Twitter;
				PRODUCT_NAME = "$(TARGET_NAME)";
				SWIFT_EMIT_LOC_STRINGS = YES;
				SWIFT_VERSION = 5.0;
				TARGETED_DEVICE_FAMILY = "1,2";
			};
			name = Debug;
		};
		27D915EB29FEB4830027C3BF /* Release */ = {
			isa = XCBuildConfiguration;
			buildSettings = {
				ASSETCATALOG_COMPILER_APPICON_NAME = AppIcon;
				ASSETCATALOG_COMPILER_GLOBAL_ACCENT_COLOR_NAME = AccentColor;
				CODE_SIGN_STYLE = Automatic;
				CURRENT_PROJECT_VERSION = 2;
				DEVELOPMENT_TEAM = 723HTEFHBA;
				GENERATE_INFOPLIST_FILE = YES;
				INFOPLIST_FILE = Twitter/Info.plist;
				INFOPLIST_KEY_UIApplicationSupportsIndirectInputEvents = YES;
				INFOPLIST_KEY_UILaunchStoryboardName = LaunchScreen;
				INFOPLIST_KEY_UISupportedInterfaceOrientations_iPad = "UIInterfaceOrientationPortrait UIInterfaceOrientationPortraitUpsideDown UIInterfaceOrientationLandscapeLeft UIInterfaceOrientationLandscapeRight";
				INFOPLIST_KEY_UISupportedInterfaceOrientations_iPhone = "UIInterfaceOrientationPortrait UIInterfaceOrientationLandscapeLeft UIInterfaceOrientationLandscapeRight";
				IPHONEOS_DEPLOYMENT_TARGET = 16.0;
				LD_RUNPATH_SEARCH_PATHS = (
					"$(inherited)",
					"@executable_path/Frameworks",
				);
				MARKETING_VERSION = 0.1.1;
				PRODUCT_BUNDLE_IDENTIFIER = ru.fibeapp.Twitter;
				PRODUCT_NAME = "$(TARGET_NAME)";
				SWIFT_EMIT_LOC_STRINGS = YES;
				SWIFT_VERSION = 5.0;
				TARGETED_DEVICE_FAMILY = "1,2";
			};
			name = Release;
		};
/* End XCBuildConfiguration section */

/* Begin XCConfigurationList section */
		27D915D029FEB4820027C3BF /* Build configuration list for PBXProject "Twitter" */ = {
			isa = XCConfigurationList;
			buildConfigurations = (
				27D915E729FEB4830027C3BF /* Debug */,
				27D915E829FEB4830027C3BF /* Release */,
			);
			defaultConfigurationIsVisible = 0;
			defaultConfigurationName = Release;
		};
		27D915E929FEB4830027C3BF /* Build configuration list for PBXNativeTarget "Twitter" */ = {
			isa = XCConfigurationList;
			buildConfigurations = (
				27D915EA29FEB4830027C3BF /* Debug */,
				27D915EB29FEB4830027C3BF /* Release */,
			);
			defaultConfigurationIsVisible = 0;
			defaultConfigurationName = Release;
		};
/* End XCConfigurationList section */

/* Begin XCRemoteSwiftPackageReference section */
		270374DD2A00C5E200F27641 /* XCRemoteSwiftPackageReference "Kingfisher" */ = {
			isa = XCRemoteSwiftPackageReference;
			repositoryURL = "https://github.com/onevcat/Kingfisher.git";
			requirement = {
				kind = upToNextMajorVersion;
				minimumVersion = 7.0.0;
			};
		};
		27D915EE29FEB5030027C3BF /* XCRemoteSwiftPackageReference "firebase-ios-sdk" */ = {
			isa = XCRemoteSwiftPackageReference;
			repositoryURL = "https://github.com/firebase/firebase-ios-sdk";
			requirement = {
				kind = upToNextMajorVersion;
				minimumVersion = 10.0.0;
			};
		};
		27D9160029FEBB7C0027C3BF /* XCRemoteSwiftPackageReference "SnapKit" */ = {
			isa = XCRemoteSwiftPackageReference;
			repositoryURL = "https://github.com/SnapKit/SnapKit.git";
			requirement = {
				kind = upToNextMajorVersion;
				minimumVersion = 5.0.0;
			};
		};
/* End XCRemoteSwiftPackageReference section */

/* Begin XCSwiftPackageProductDependency section */
		270374DE2A00C5E200F27641 /* Kingfisher */ = {
			isa = XCSwiftPackageProductDependency;
			package = 270374DD2A00C5E200F27641 /* XCRemoteSwiftPackageReference "Kingfisher" */;
			productName = Kingfisher;
		};
		27D915EF29FEB5030027C3BF /* FirebaseAuth */ = {
			isa = XCSwiftPackageProductDependency;
			package = 27D915EE29FEB5030027C3BF /* XCRemoteSwiftPackageReference "firebase-ios-sdk" */;
			productName = FirebaseAuth;
		};
		27D915F129FEB5030027C3BF /* FirebaseFirestore */ = {
			isa = XCSwiftPackageProductDependency;
			package = 27D915EE29FEB5030027C3BF /* XCRemoteSwiftPackageReference "firebase-ios-sdk" */;
			productName = FirebaseFirestore;
		};
		27D915F329FEB5030027C3BF /* FirebaseFirestoreSwift */ = {
			isa = XCSwiftPackageProductDependency;
			package = 27D915EE29FEB5030027C3BF /* XCRemoteSwiftPackageReference "firebase-ios-sdk" */;
			productName = FirebaseFirestoreSwift;
		};
		27D915F529FEB5030027C3BF /* FirebaseStorage */ = {
			isa = XCSwiftPackageProductDependency;
			package = 27D915EE29FEB5030027C3BF /* XCRemoteSwiftPackageReference "firebase-ios-sdk" */;
			productName = FirebaseStorage;
		};
		27D9160129FEBB7C0027C3BF /* SnapKit */ = {
			isa = XCSwiftPackageProductDependency;
			package = 27D9160029FEBB7C0027C3BF /* XCRemoteSwiftPackageReference "SnapKit" */;
			productName = SnapKit;
		};
/* End XCSwiftPackageProductDependency section */
	};
	rootObject = 27D915CD29FEB4820027C3BF /* Project object */;
}
